
Microsoft Visual Studio Solution File, Format Version 12.00
# Visual Studio Version 16
VisualStudioVersion = 16.0.29509.3
MinimumVisualStudioVersion = 10.0.40219.1
Project("{FAE04EC0-301F-11D3-BF4B-00C04F79EFBC}") = "Progect beta 0.1", "Progect beta 0.1\Progect beta 0.1.csproj", "{E3FB02CB-8DC8-4F4D-BF4E-443E57CE288D}"
EndProject
Global
	GlobalSection(SolutionConfigurationPlatforms) = preSolution
		Debug|Any CPU = Debug|Any CPU
		Release|Any CPU = Release|Any CPU
	EndGlobalSection
	GlobalSection(ProjectConfigurationPlatforms) = postSolution
		{E3FB02CB-8DC8-4F4D-BF4E-443E57CE288D}.Debug|Any CPU.ActiveCfg = Debug|Any CPU
		{E3FB02CB-8DC8-4F4D-BF4E-443E57CE288D}.Debug|Any CPU.Build.0 = Debug|Any CPU
		{E3FB02CB-8DC8-4F4D-BF4E-443E57CE288D}.Release|Any CPU.ActiveCfg = Release|Any CPU
		{E3FB02CB-8DC8-4F4D-BF4E-443E57CE288D}.Release|Any CPU.Build.0 = Release|Any CPU
	EndGlobalSection
	GlobalSection(SolutionProperties) = preSolution
		HideSolutionNode = FALSE
	EndGlobalSection
	GlobalSection(ExtensibilityGlobals) = postSolution
		SolutionGuid = {D250DB55-500B-4522-8A5A-1331737A0456}
	EndGlobalSection
EndGlobal
